{
  "object": {
    "pins": [
      {
        "package": "NextLevel",
        "repositoryURL": "https://github.com/NextLevel/NextLevel",
        "state": {
          "branch": null,
          "revision": "fef4c136595a54d9ecbf341e7bc75b23072a5ed6",
          "version": "0.17.0"
        }
      }
    ]
  },
  "version": 1
}
