// !$*UTF8*$!
{
	archiveVersion = 1;
	classes = {
	};
	objectVersion = 55;
	objects = {

/* Begin PBXBuildFile section */
		050945CF28045AAB00089BEB /* TimeLapseBuilder.swift in Sources */ = {isa = PBXBuildFile; fileRef = 050945CE28045AAB00089BEB /* TimeLapseBuilder.swift */; };
		0510811A27BEE06100A50129 /* Lottie in Frameworks */ = {isa = PBXBuildFile; productRef = 0510811927BEE06100A50129 /* Lottie */; };
		0510811C27BEE51000A50129 /* LottieView.swift in Sources */ = {isa = PBXBuildFile; fileRef = 0510811B27BEE51000A50129 /* LottieView.swift */; };
		051F0A80276FBA370015C507 /* CameraService.swift in Sources */ = {isa = PBXBuildFile; fileRef = 051F0A7F276FBA370015C507 /* CameraService.swift */; };
		051F0A84276FBC960015C507 /* PhotoCaptureProcessor.swift in Sources */ = {isa = PBXBuildFile; fileRef = 051F0A83276FBC960015C507 /* PhotoCaptureProcessor.swift */; };
		051F0A86276FBCBB0015C507 /* ImageResizer.swift in Sources */ = {isa = PBXBuildFile; fileRef = 051F0A85276FBCBB0015C507 /* ImageResizer.swift */; };
		053443162809A1F100ECF604 /* SlidingRuler in Frameworks */ = {isa = PBXBuildFile; productRef = 053443152809A1F100ECF604 /* SlidingRuler */; };
		053443212809A61E00ECF604 /* opencv2.framework in Frameworks */ = {isa = PBXBuildFile; fileRef = 0534431C2809A3C500ECF604 /* opencv2.framework */; };
		0536C3FD27BF01D50060ABA0 /* shutterstill.json in Resources */ = {isa = PBXBuildFile; fileRef = 0536C3FB27BF01D50060ABA0 /* shutterstill.json */; };
		0536C3FF27BF02310060ABA0 /* shutterprep.json in Resources */ = {isa = PBXBuildFile; fileRef = 0536C3FE27BF02310060ABA0 /* shutterprep.json */; };
		053D9070280718B20033BDE0 /* VideoSaver.swift in Sources */ = {isa = PBXBuildFile; fileRef = 053D906F280718B20033BDE0 /* VideoSaver.swift */; };
		054763F127CA2B2E00D15B25 /* AlertToast in Frameworks */ = {isa = PBXBuildFile; productRef = 054763F027CA2B2E00D15B25 /* AlertToast */; };
		0555FF122785D57B0077B7A8 /* MLMultiArrayExtension.swift in Sources */ = {isa = PBXBuildFile; fileRef = 0555FF112785D57B0077B7A8 /* MLMultiArrayExtension.swift */; };
		0555FF142785D61A0077B7A8 /* CGImageExtension.swift in Sources */ = {isa = PBXBuildFile; fileRef = 0555FF132785D61A0077B7A8 /* CGImageExtension.swift */; };
		05590E6627D6985D0023C6EA /* FPN_MobileNet.mlpackage in Sources */ = {isa = PBXBuildFile; fileRef = 05590E6527D6985D0023C6EA /* FPN_MobileNet.mlpackage */; };
		055F7D2227C4346F00D2AE59 /* ImageSegmentation.swift in Sources */ = {isa = PBXBuildFile; fileRef = 055F7D2127C4346F00D2AE59 /* ImageSegmentation.swift */; };
		055F7D2527C4418000D2AE59 /* ModalView in Frameworks */ = {isa = PBXBuildFile; productRef = 055F7D2427C4418000D2AE59 /* ModalView */; };
		056CBBC827790DB900538E2E /* AverageStacking.metal in Sources */ = {isa = PBXBuildFile; fileRef = 056CBBC727790DB900538E2E /* AverageStacking.metal */; };
		056CBBCB27790DFE00538E2E /* AverageStackingFilter.swift in Sources */ = {isa = PBXBuildFile; fileRef = 056CBBCA27790DFE00538E2E /* AverageStackingFilter.swift */; };
		056CBBCD2779C8AD00538E2E /* CaptureObject.swift in Sources */ = {isa = PBXBuildFile; fileRef = 056CBBCC2779C8AD00538E2E /* CaptureObject.swift */; };
		056CBBD4277C6A6900538E2E /* OpticalFlowVisualizer.metal in Sources */ = {isa = PBXBuildFile; fileRef = 056CBBD2277C6A6900538E2E /* OpticalFlowVisualizer.metal */; };
		056CBBD5277C6A6900538E2E /* OpticalFlowVisualizerFilter.swift in Sources */ = {isa = PBXBuildFile; fileRef = 056CBBD3277C6A6900538E2E /* OpticalFlowVisualizerFilter.swift */; };
		058018D528099C0400881E7F /* RawSaver.swift in Sources */ = {isa = PBXBuildFile; fileRef = 058018D428099C0400881E7F /* RawSaver.swift */; };
		058018D728099CA300881E7F /* ExportError.swift in Sources */ = {isa = PBXBuildFile; fileRef = 058018D628099CA300881E7F /* ExportError.swift */; };
		05849A3527BAF8C90073BB75 /* SettingsView.swift in Sources */ = {isa = PBXBuildFile; fileRef = 05849A3427BAF8C90073BB75 /* SettingsView.swift */; };
		058EEB5527B931AC00970D7F /* SaveBinaryCV.cpp in Sources */ = {isa = PBXBuildFile; fileRef = 058EEB5327B931AC00970D7F /* SaveBinaryCV.cpp */; };
		05B65A692810523D00D77530 /* PermissionsSwiftUICamera in Frameworks */ = {isa = PBXBuildFile; productRef = 05B65A682810523D00D77530 /* PermissionsSwiftUICamera */; };
		05B65A6B2810523D00D77530 /* PermissionsSwiftUILocation in Frameworks */ = {isa = PBXBuildFile; productRef = 05B65A6A2810523D00D77530 /* PermissionsSwiftUILocation */; };
		05B65A6D2810523D00D77530 /* PermissionsSwiftUIPhoto in Frameworks */ = {isa = PBXBuildFile; productRef = 05B65A6C2810523D00D77530 /* PermissionsSwiftUIPhoto */; };
		05B65A6F2811A12C00D77530 /* TutorialView.swift in Sources */ = {isa = PBXBuildFile; fileRef = 05B65A6E2811A12C00D77530 /* TutorialView.swift */; };
		05B65A712812CDFB00D77530 /* StarLensWelcome.json in Resources */ = {isa = PBXBuildFile; fileRef = 05B65A702812CDFB00D77530 /* StarLensWelcome.json */; };
		05B65A732812D3A400D77530 /* TimedLottieView.swift in Sources */ = {isa = PBXBuildFile; fileRef = 05B65A722812D3A400D77530 /* TimedLottieView.swift */; };
		05B9B8BC276BDBAF00FF442F /* StarGazerApp.swift in Sources */ = {isa = PBXBuildFile; fileRef = 05B9B8BB276BDBAF00FF442F /* StarGazerApp.swift */; };
		05B9B8C0276BDBB100FF442F /* Assets.xcassets in Resources */ = {isa = PBXBuildFile; fileRef = 05B9B8BF276BDBB100FF442F /* Assets.xcassets */; };
		05B9B8C3276BDBB100FF442F /* Preview Assets.xcassets in Resources */ = {isa = PBXBuildFile; fileRef = 05B9B8C2276BDBB100FF442F /* Preview Assets.xcassets */; };
		05B9B8CD276BDBB100FF442F /* StarGazerTests.swift in Sources */ = {isa = PBXBuildFile; fileRef = 05B9B8CC276BDBB100FF442F /* StarGazerTests.swift */; };
		05B9B8D7276BDBB100FF442F /* StarGazerUITests.swift in Sources */ = {isa = PBXBuildFile; fileRef = 05B9B8D6276BDBB100FF442F /* StarGazerUITests.swift */; };
		05B9B8D9276BDBB100FF442F /* StarGazerUITestsLaunchTests.swift in Sources */ = {isa = PBXBuildFile; fileRef = 05B9B8D8276BDBB100FF442F /* StarGazerUITestsLaunchTests.swift */; };
		05BE420827AF1EDD00F45670 /* ImageEditor.mm in Sources */ = {isa = PBXBuildFile; fileRef = 05BE420627AF1EDD00F45670 /* ImageEditor.mm */; };
		05BE420A27AF32EC00F45670 /* ProjectEditor.swift in Sources */ = {isa = PBXBuildFile; fileRef = 05BE420927AF32EC00F45670 /* ProjectEditor.swift */; };
		05C65CE527CC0E96001ADE0F /* UserOptions.swift in Sources */ = {isa = PBXBuildFile; fileRef = 05C65CE427CC0E96001ADE0F /* UserOptions.swift */; };
		05C65CE727CC14EB001ADE0F /* shutter.json in Resources */ = {isa = PBXBuildFile; fileRef = 05C65CE627CC14EB001ADE0F /* shutter.json */; };
		05CEB59E27723D8800EDDE7D /* PhotoStack.swift in Sources */ = {isa = PBXBuildFile; fileRef = 05CEB59D27723D8800EDDE7D /* PhotoStack.swift */; };
		05D338AB27A47A86008BB868 /* ProjectEditView.swift in Sources */ = {isa = PBXBuildFile; fileRef = 05D338AA27A47A85008BB868 /* ProjectEditView.swift */; };
		05D4507F279378BF008DB81E /* blend.cpp in Sources */ = {isa = PBXBuildFile; fileRef = 05D4507D279378BF008DB81E /* blend.cpp */; };
		05D4508127943488008DB81E /* ProjectsView.swift in Sources */ = {isa = PBXBuildFile; fileRef = 05D4508027943488008DB81E /* ProjectsView.swift */; };
		05D4508327943EC6008DB81E /* ProjectController.swift in Sources */ = {isa = PBXBuildFile; fileRef = 05D4508227943EC6008DB81E /* ProjectController.swift */; };
		05D4508527943F12008DB81E /* Project.swift in Sources */ = {isa = PBXBuildFile; fileRef = 05D4508427943F12008DB81E /* Project.swift */; };
		05DE2232277C728C007A90DE /* CoreGraphics.framework in Frameworks */ = {isa = PBXBuildFile; fileRef = 05DE2231277C728C007A90DE /* CoreGraphics.framework */; };
		05DE2234277C7294007A90DE /* CoreMedia.framework in Frameworks */ = {isa = PBXBuildFile; fileRef = 05DE2233277C7294007A90DE /* CoreMedia.framework */; };
		05DE2236277C729E007A90DE /* CoreFoundation.framework in Frameworks */ = {isa = PBXBuildFile; fileRef = 05DE2235277C729E007A90DE /* CoreFoundation.framework */; };
		05DE2238277C72A8007A90DE /* AssetsLibrary.framework in Frameworks */ = {isa = PBXBuildFile; fileRef = 05DE2237277C72A8007A90DE /* AssetsLibrary.framework */; };
		05DE223A277C72B2007A90DE /* Accelerate.framework in Frameworks */ = {isa = PBXBuildFile; fileRef = 05DE2239277C72B2007A90DE /* Accelerate.framework */; };
		05DE2244277D08C6007A90DE /* OpenCVStacker.mm in Sources */ = {isa = PBXBuildFile; fileRef = 05DE2243277D08C6007A90DE /* OpenCVStacker.mm */; };
		05DE2258277DB420007A90DE /* UIImageOpenCV.mm in Sources */ = {isa = PBXBuildFile; fileRef = 05DE2257277DB420007A90DE /* UIImageOpenCV.mm */; };
		05DE225C277DB540007A90DE /* UIImageRotate.mm in Sources */ = {isa = PBXBuildFile; fileRef = 05DE225B277DB540007A90DE /* UIImageRotate.mm */; };
		05DE225F277DB711007A90DE /* homography.cpp in Sources */ = {isa = PBXBuildFile; fileRef = 05DE225D277DB711007A90DE /* homography.cpp */; };
		05DE2265277E3E3B007A90DE /* hdrmerge.cpp in Sources */ = {isa = PBXBuildFile; fileRef = 05DE2263277E3E3A007A90DE /* hdrmerge.cpp */; };
		05DE226C2781CA21007A90DE /* UIKit.framework in Frameworks */ = {isa = PBXBuildFile; fileRef = 05DE226B2781CA20007A90DE /* UIKit.framework */; };
		05DE226E2781CACA007A90DE /* AVFoundation.framework in Frameworks */ = {isa = PBXBuildFile; fileRef = 05DE226D2781CAC9007A90DE /* AVFoundation.framework */; };
		05DE22702781CAE3007A90DE /* CoreImage.framework in Frameworks */ = {isa = PBXBuildFile; fileRef = 05DE226F2781CAE2007A90DE /* CoreImage.framework */; };
		05DE22722781CAF1007A90DE /* CoreVideo.framework in Frameworks */ = {isa = PBXBuildFile; fileRef = 05DE22712781CAF1007A90DE /* CoreVideo.framework */; };
		05DE22742781CAFA007A90DE /* QuartzCore.framework in Frameworks */ = {isa = PBXBuildFile; fileRef = 05DE22732781CAFA007A90DE /* QuartzCore.framework */; };
		05DE22762781CB0B007A90DE /* Foundation.framework in Frameworks */ = {isa = PBXBuildFile; fileRef = 05DE22752781CB0A007A90DE /* Foundation.framework */; };
		05EE7B4F27E51BB50047EF8F /* enhance.cpp in Sources */ = {isa = PBXBuildFile; fileRef = 05EE7B4D27E51BB50047EF8F /* enhance.cpp */; };
		05EE7B5427E672ED0047EF8F /* SegmentedPicker.swift in Sources */ = {isa = PBXBuildFile; fileRef = 05EE7B5327E672EC0047EF8F /* SegmentedPicker.swift */; };
		3B2A0275CFBFEAD7C1733E1D /* StateControlView.swift in Sources */ = {isa = PBXBuildFile; fileRef = 3B2A0FE462ACA9CE3BBD2D62 /* StateControlView.swift */; };
		3B2A03360DC479D2EB69D1CF /* ContentView.swift in Sources */ = {isa = PBXBuildFile; fileRef = 3B2A0F6AA3500E160EEAF037 /* ContentView.swift */; };
		3B2A05F33EB44385E6E04728 /* CameraPreview.swift in Sources */ = {isa = PBXBuildFile; fileRef = 3B2A0C84CD2D4803328C6E94 /* CameraPreview.swift */; };
		3B2A09E3AF13441AEFBB03FA /* ImageSaver.swift in Sources */ = {isa = PBXBuildFile; fileRef = 3B2A0D2F3EACE7853E8BB8AB /* ImageSaver.swift */; };
		3B2A0AC74BE999EEA6281B19 /* CaptureView.swift in Sources */ = {isa = PBXBuildFile; fileRef = 3B2A01974F64B6F47AF2F12B /* CaptureView.swift */; };
		3B2A0D3938D697BC8035E4D2 /* DeviceOrientationManager.swift in Sources */ = {isa = PBXBuildFile; fileRef = 3B2A04C5459BE23383B7E873 /* DeviceOrientationManager.swift */; };
		3B2A0DF990A7BBDDC71C7A5E /* ProcessingView.swift in Sources */ = {isa = PBXBuildFile; fileRef = 3B2A0AF963F942431EE0A19B /* ProcessingView.swift */; };
		8A13B089EC51684D47BE9933 /* Pods_StarGazer.framework in Frameworks */ = {isa = PBXBuildFile; fileRef = E9D94575AAA3ADD066CDDD7C /* Pods_StarGazer.framework */; };
/* End PBXBuildFile section */

/* Begin PBXContainerItemProxy section */
		05B9B8C9276BDBB100FF442F /* PBXContainerItemProxy */ = {
			isa = PBXContainerItemProxy;
			containerPortal = 05B9B8B0276BDBAF00FF442F /* Project object */;
			proxyType = 1;
			remoteGlobalIDString = 05B9B8B7276BDBAF00FF442F;
			remoteInfo = StarGazer;
		};
		05B9B8D3276BDBB100FF442F /* PBXContainerItemProxy */ = {
			isa = PBXContainerItemProxy;
			containerPortal = 05B9B8B0276BDBAF00FF442F /* Project object */;
			proxyType = 1;
			remoteGlobalIDString = 05B9B8B7276BDBAF00FF442F;
			remoteInfo = StarGazer;
		};
/* End PBXContainerItemProxy section */

/* Begin PBXFileReference section */
		050945CE28045AAB00089BEB /* TimeLapseBuilder.swift */ = {isa = PBXFileReference; lastKnownFileType = sourcecode.swift; path = TimeLapseBuilder.swift; sourceTree = "<group>"; };
		0510811B27BEE51000A50129 /* LottieView.swift */ = {isa = PBXFileReference; lastKnownFileType = sourcecode.swift; path = LottieView.swift; sourceTree = "<group>"; };
		051F0A7F276FBA370015C507 /* CameraService.swift */ = {isa = PBXFileReference; lastKnownFileType = sourcecode.swift; path = CameraService.swift; sourceTree = "<group>"; };
		051F0A83276FBC960015C507 /* PhotoCaptureProcessor.swift */ = {isa = PBXFileReference; lastKnownFileType = sourcecode.swift; path = PhotoCaptureProcessor.swift; sourceTree = "<group>"; };
		051F0A85276FBCBB0015C507 /* ImageResizer.swift */ = {isa = PBXFileReference; lastKnownFileType = sourcecode.swift; path = ImageResizer.swift; sourceTree = "<group>"; };
		051F0A8B276FC0C60015C507 /* Info.plist */ = {isa = PBXFileReference; lastKnownFileType = text.plist.xml; path = Info.plist; sourceTree = "<group>"; };
		0534431C2809A3C500ECF604 /* opencv2.framework */ = {isa = PBXFileReference; lastKnownFileType = wrapper.framework; path = opencv2.framework; sourceTree = "<group>"; };
		0536C3FB27BF01D50060ABA0 /* shutterstill.json */ = {isa = PBXFileReference; fileEncoding = 4; lastKnownFileType = text.json; path = shutterstill.json; sourceTree = "<group>"; };
		0536C3FE27BF02310060ABA0 /* shutterprep.json */ = {isa = PBXFileReference; fileEncoding = 4; lastKnownFileType = text.json; path = shutterprep.json; sourceTree = "<group>"; };
		053D906F280718B20033BDE0 /* VideoSaver.swift */ = {isa = PBXFileReference; lastKnownFileType = sourcecode.swift; path = VideoSaver.swift; sourceTree = "<group>"; };
		0555FF112785D57B0077B7A8 /* MLMultiArrayExtension.swift */ = {isa = PBXFileReference; lastKnownFileType = sourcecode.swift; path = MLMultiArrayExtension.swift; sourceTree = "<group>"; };
		0555FF132785D61A0077B7A8 /* CGImageExtension.swift */ = {isa = PBXFileReference; lastKnownFileType = sourcecode.swift; path = CGImageExtension.swift; sourceTree = "<group>"; };
		05590E6527D6985D0023C6EA /* FPN_MobileNet.mlpackage */ = {isa = PBXFileReference; lastKnownFileType = folder.mlpackage; path = FPN_MobileNet.mlpackage; sourceTree = "<group>"; };
		055F7D2127C4346F00D2AE59 /* ImageSegmentation.swift */ = {isa = PBXFileReference; lastKnownFileType = sourcecode.swift; path = ImageSegmentation.swift; sourceTree = "<group>"; };
		056CBBC727790DB900538E2E /* AverageStacking.metal */ = {isa = PBXFileReference; lastKnownFileType = sourcecode.metal; path = AverageStacking.metal; sourceTree = "<group>"; };
		056CBBCA27790DFE00538E2E /* AverageStackingFilter.swift */ = {isa = PBXFileReference; lastKnownFileType = sourcecode.swift; path = AverageStackingFilter.swift; sourceTree = "<group>"; };
		056CBBCC2779C8AD00538E2E /* CaptureObject.swift */ = {isa = PBXFileReference; lastKnownFileType = sourcecode.swift; path = CaptureObject.swift; sourceTree = "<group>"; };
		056CBBD2277C6A6900538E2E /* OpticalFlowVisualizer.metal */ = {isa = PBXFileReference; fileEncoding = 4; lastKnownFileType = sourcecode.metal; path = OpticalFlowVisualizer.metal; sourceTree = "<group>"; };
		056CBBD3277C6A6900538E2E /* OpticalFlowVisualizerFilter.swift */ = {isa = PBXFileReference; fileEncoding = 4; lastKnownFileType = sourcecode.swift; path = OpticalFlowVisualizerFilter.swift; sourceTree = "<group>"; };
		05752DF227A5E6E6004B5461 /* ImageMerger.hpp */ = {isa = PBXFileReference; lastKnownFileType = sourcecode.cpp.h; path = ImageMerger.hpp; sourceTree = "<group>"; };
		058018D428099C0400881E7F /* RawSaver.swift */ = {isa = PBXFileReference; lastKnownFileType = sourcecode.swift; path = RawSaver.swift; sourceTree = "<group>"; };
		058018D628099CA300881E7F /* ExportError.swift */ = {isa = PBXFileReference; lastKnownFileType = sourcecode.swift; path = ExportError.swift; sourceTree = "<group>"; };
		05849A3427BAF8C90073BB75 /* SettingsView.swift */ = {isa = PBXFileReference; lastKnownFileType = sourcecode.swift; path = SettingsView.swift; sourceTree = "<group>"; };
		058EEB5327B931AC00970D7F /* SaveBinaryCV.cpp */ = {isa = PBXFileReference; fileEncoding = 4; lastKnownFileType = sourcecode.cpp.cpp; path = SaveBinaryCV.cpp; sourceTree = "<group>"; };
		058EEB5427B931AC00970D7F /* SaveBinaryCV.hpp */ = {isa = PBXFileReference; fileEncoding = 4; lastKnownFileType = sourcecode.cpp.h; path = SaveBinaryCV.hpp; sourceTree = "<group>"; };
		05B65A6E2811A12C00D77530 /* TutorialView.swift */ = {isa = PBXFileReference; lastKnownFileType = sourcecode.swift; path = TutorialView.swift; sourceTree = "<group>"; };
		05B65A702812CDFB00D77530 /* StarLensWelcome.json */ = {isa = PBXFileReference; fileEncoding = 4; lastKnownFileType = text.json; name = StarLensWelcome.json; path = ../../../../Desktop/StarLensWelcome.json; sourceTree = "<group>"; };
		05B65A722812D3A400D77530 /* TimedLottieView.swift */ = {isa = PBXFileReference; lastKnownFileType = sourcecode.swift; path = TimedLottieView.swift; sourceTree = "<group>"; };
		05B9B8B8276BDBAF00FF442F /* StarGazer.app */ = {isa = PBXFileReference; explicitFileType = wrapper.application; includeInIndex = 0; path = StarGazer.app; sourceTree = BUILT_PRODUCTS_DIR; };
		05B9B8BB276BDBAF00FF442F /* StarGazerApp.swift */ = {isa = PBXFileReference; lastKnownFileType = sourcecode.swift; path = StarGazerApp.swift; sourceTree = "<group>"; };
		05B9B8BF276BDBB100FF442F /* Assets.xcassets */ = {isa = PBXFileReference; lastKnownFileType = folder.assetcatalog; path = Assets.xcassets; sourceTree = "<group>"; };
		05B9B8C2276BDBB100FF442F /* Preview Assets.xcassets */ = {isa = PBXFileReference; lastKnownFileType = folder.assetcatalog; path = "Preview Assets.xcassets"; sourceTree = "<group>"; };
		05B9B8C8276BDBB100FF442F /* StarGazerTests.xctest */ = {isa = PBXFileReference; explicitFileType = wrapper.cfbundle; includeInIndex = 0; path = StarGazerTests.xctest; sourceTree = BUILT_PRODUCTS_DIR; };
		05B9B8CC276BDBB100FF442F /* StarGazerTests.swift */ = {isa = PBXFileReference; lastKnownFileType = sourcecode.swift; path = StarGazerTests.swift; sourceTree = "<group>"; };
		05B9B8D2276BDBB100FF442F /* StarGazerUITests.xctest */ = {isa = PBXFileReference; explicitFileType = wrapper.cfbundle; includeInIndex = 0; path = StarGazerUITests.xctest; sourceTree = BUILT_PRODUCTS_DIR; };
		05B9B8D6276BDBB100FF442F /* StarGazerUITests.swift */ = {isa = PBXFileReference; lastKnownFileType = sourcecode.swift; path = StarGazerUITests.swift; sourceTree = "<group>"; };
		05B9B8D8276BDBB100FF442F /* StarGazerUITestsLaunchTests.swift */ = {isa = PBXFileReference; lastKnownFileType = sourcecode.swift; path = StarGazerUITestsLaunchTests.swift; sourceTree = "<group>"; };
		05BE420627AF1EDD00F45670 /* ImageEditor.mm */ = {isa = PBXFileReference; lastKnownFileType = sourcecode.cpp.objcpp; path = ImageEditor.mm; sourceTree = "<group>"; };
		05BE420727AF1EDD00F45670 /* ImageEditor.h */ = {isa = PBXFileReference; lastKnownFileType = sourcecode.c.h; path = ImageEditor.h; sourceTree = "<group>"; };
		05BE420927AF32EC00F45670 /* ProjectEditor.swift */ = {isa = PBXFileReference; lastKnownFileType = sourcecode.swift; path = ProjectEditor.swift; sourceTree = "<group>"; };
		05C65CE427CC0E96001ADE0F /* UserOptions.swift */ = {isa = PBXFileReference; lastKnownFileType = sourcecode.swift; path = UserOptions.swift; sourceTree = "<group>"; };
		05C65CE627CC14EB001ADE0F /* shutter.json */ = {isa = PBXFileReference; fileEncoding = 4; lastKnownFileType = text.json; path = shutter.json; sourceTree = "<group>"; };
		05CEB59D27723D8800EDDE7D /* PhotoStack.swift */ = {isa = PBXFileReference; lastKnownFileType = sourcecode.swift; path = PhotoStack.swift; sourceTree = "<group>"; };
		05D338AA27A47A85008BB868 /* ProjectEditView.swift */ = {isa = PBXFileReference; lastKnownFileType = sourcecode.swift; path = ProjectEditView.swift; sourceTree = "<group>"; };
		05D4507D279378BF008DB81E /* blend.cpp */ = {isa = PBXFileReference; lastKnownFileType = sourcecode.cpp.cpp; path = blend.cpp; sourceTree = "<group>"; };
		05D4507E279378BF008DB81E /* blend.hpp */ = {isa = PBXFileReference; lastKnownFileType = sourcecode.cpp.h; path = blend.hpp; sourceTree = "<group>"; };
		05D4508027943488008DB81E /* ProjectsView.swift */ = {isa = PBXFileReference; lastKnownFileType = sourcecode.swift; path = ProjectsView.swift; sourceTree = "<group>"; };
		05D4508227943EC6008DB81E /* ProjectController.swift */ = {isa = PBXFileReference; lastKnownFileType = sourcecode.swift; path = ProjectController.swift; sourceTree = "<group>"; };
		05D4508427943F12008DB81E /* Project.swift */ = {isa = PBXFileReference; lastKnownFileType = sourcecode.swift; path = Project.swift; sourceTree = "<group>"; };
		05D9F45F27DBE611005A219A /* StarMatcher.hpp */ = {isa = PBXFileReference; lastKnownFileType = sourcecode.cpp.h; path = StarMatcher.hpp; sourceTree = "<group>"; };
		05DE2231277C728C007A90DE /* CoreGraphics.framework */ = {isa = PBXFileReference; lastKnownFileType = wrapper.framework; name = CoreGraphics.framework; path = System/Library/Frameworks/CoreGraphics.framework; sourceTree = SDKROOT; };
		05DE2233277C7294007A90DE /* CoreMedia.framework */ = {isa = PBXFileReference; lastKnownFileType = wrapper.framework; name = CoreMedia.framework; path = System/Library/Frameworks/CoreMedia.framework; sourceTree = SDKROOT; };
		05DE2235277C729E007A90DE /* CoreFoundation.framework */ = {isa = PBXFileReference; lastKnownFileType = wrapper.framework; name = CoreFoundation.framework; path = System/Library/Frameworks/CoreFoundation.framework; sourceTree = SDKROOT; };
		05DE2237277C72A8007A90DE /* AssetsLibrary.framework */ = {isa = PBXFileReference; lastKnownFileType = wrapper.framework; name = AssetsLibrary.framework; path = System/Library/Frameworks/AssetsLibrary.framework; sourceTree = SDKROOT; };
		05DE2239277C72B2007A90DE /* Accelerate.framework */ = {isa = PBXFileReference; lastKnownFileType = wrapper.framework; name = Accelerate.framework; path = System/Library/Frameworks/Accelerate.framework; sourceTree = SDKROOT; };
		05DE2242277D08C6007A90DE /* OpenCVStacker.h */ = {isa = PBXFileReference; lastKnownFileType = sourcecode.c.h; path = OpenCVStacker.h; sourceTree = "<group>"; };
		05DE2243277D08C6007A90DE /* OpenCVStacker.mm */ = {isa = PBXFileReference; lastKnownFileType = sourcecode.cpp.objcpp; path = OpenCVStacker.mm; sourceTree = "<group>"; };
		05DE2245277D08FB007A90DE /* StarGazer-Bridging-Header.h */ = {isa = PBXFileReference; lastKnownFileType = sourcecode.c.h; path = "StarGazer-Bridging-Header.h"; sourceTree = "<group>"; };
		05DE224F277D12F5007A90DE /* PrefixHeader.pch */ = {isa = PBXFileReference; lastKnownFileType = sourcecode.c.h; path = PrefixHeader.pch; sourceTree = "<group>"; };
		05DE2256277DB420007A90DE /* UIImageOpenCV.h */ = {isa = PBXFileReference; lastKnownFileType = sourcecode.c.h; path = UIImageOpenCV.h; sourceTree = "<group>"; };
		05DE2257277DB420007A90DE /* UIImageOpenCV.mm */ = {isa = PBXFileReference; lastKnownFileType = sourcecode.cpp.objcpp; path = UIImageOpenCV.mm; sourceTree = "<group>"; };
		05DE225A277DB540007A90DE /* UIImageRotate.h */ = {isa = PBXFileReference; lastKnownFileType = sourcecode.c.h; path = UIImageRotate.h; sourceTree = "<group>"; };
		05DE225B277DB540007A90DE /* UIImageRotate.mm */ = {isa = PBXFileReference; lastKnownFileType = sourcecode.cpp.objcpp; path = UIImageRotate.mm; sourceTree = "<group>"; };
		05DE225D277DB711007A90DE /* homography.cpp */ = {isa = PBXFileReference; lastKnownFileType = sourcecode.cpp.cpp; path = homography.cpp; sourceTree = "<group>"; };
		05DE225E277DB711007A90DE /* homography.hpp */ = {isa = PBXFileReference; lastKnownFileType = sourcecode.cpp.h; path = homography.hpp; sourceTree = "<group>"; };
		05DE2263277E3E3A007A90DE /* hdrmerge.cpp */ = {isa = PBXFileReference; lastKnownFileType = sourcecode.cpp.cpp; path = hdrmerge.cpp; sourceTree = "<group>"; };
		05DE2264277E3E3A007A90DE /* hdrmerge.hpp */ = {isa = PBXFileReference; lastKnownFileType = sourcecode.cpp.h; path = hdrmerge.hpp; sourceTree = "<group>"; };
		05DE226B2781CA20007A90DE /* UIKit.framework */ = {isa = PBXFileReference; lastKnownFileType = wrapper.framework; name = UIKit.framework; path = System/Library/Frameworks/UIKit.framework; sourceTree = SDKROOT; };
		05DE226D2781CAC9007A90DE /* AVFoundation.framework */ = {isa = PBXFileReference; lastKnownFileType = wrapper.framework; name = AVFoundation.framework; path = System/Library/Frameworks/AVFoundation.framework; sourceTree = SDKROOT; };
		05DE226F2781CAE2007A90DE /* CoreImage.framework */ = {isa = PBXFileReference; lastKnownFileType = wrapper.framework; name = CoreImage.framework; path = System/Library/Frameworks/CoreImage.framework; sourceTree = SDKROOT; };
		05DE22712781CAF1007A90DE /* CoreVideo.framework */ = {isa = PBXFileReference; lastKnownFileType = wrapper.framework; name = CoreVideo.framework; path = System/Library/Frameworks/CoreVideo.framework; sourceTree = SDKROOT; };
		05DE22732781CAFA007A90DE /* QuartzCore.framework */ = {isa = PBXFileReference; lastKnownFileType = wrapper.framework; name = QuartzCore.framework; path = System/Library/Frameworks/QuartzCore.framework; sourceTree = SDKROOT; };
		05DE22752781CB0A007A90DE /* Foundation.framework */ = {isa = PBXFileReference; lastKnownFileType = wrapper.framework; name = Foundation.framework; path = System/Library/Frameworks/Foundation.framework; sourceTree = SDKROOT; };
		05EE7B4D27E51BB50047EF8F /* enhance.cpp */ = {isa = PBXFileReference; lastKnownFileType = sourcecode.cpp.cpp; path = enhance.cpp; sourceTree = "<group>"; };
		05EE7B4E27E51BB50047EF8F /* enhance.hpp */ = {isa = PBXFileReference; lastKnownFileType = sourcecode.cpp.h; path = enhance.hpp; sourceTree = "<group>"; };
		05EE7B5327E672EC0047EF8F /* SegmentedPicker.swift */ = {isa = PBXFileReference; lastKnownFileType = sourcecode.swift; path = SegmentedPicker.swift; sourceTree = "<group>"; };
		2D82E9966AD2135A50A7F875 /* Pods-StarGazer.debug.xcconfig */ = {isa = PBXFileReference; includeInIndex = 1; lastKnownFileType = text.xcconfig; name = "Pods-StarGazer.debug.xcconfig"; path = "Target Support Files/Pods-StarGazer/Pods-StarGazer.debug.xcconfig"; sourceTree = "<group>"; };
		3B2A01974F64B6F47AF2F12B /* CaptureView.swift */ = {isa = PBXFileReference; fileEncoding = 4; lastKnownFileType = sourcecode.swift; path = CaptureView.swift; sourceTree = "<group>"; };
		3B2A04C5459BE23383B7E873 /* DeviceOrientationManager.swift */ = {isa = PBXFileReference; fileEncoding = 4; lastKnownFileType = sourcecode.swift; path = DeviceOrientationManager.swift; sourceTree = "<group>"; };
		3B2A0AF963F942431EE0A19B /* ProcessingView.swift */ = {isa = PBXFileReference; fileEncoding = 4; lastKnownFileType = sourcecode.swift; path = ProcessingView.swift; sourceTree = "<group>"; };
		3B2A0C84CD2D4803328C6E94 /* CameraPreview.swift */ = {isa = PBXFileReference; fileEncoding = 4; lastKnownFileType = sourcecode.swift; path = CameraPreview.swift; sourceTree = "<group>"; };
		3B2A0D2F3EACE7853E8BB8AB /* ImageSaver.swift */ = {isa = PBXFileReference; fileEncoding = 4; lastKnownFileType = sourcecode.swift; path = ImageSaver.swift; sourceTree = "<group>"; };
		3B2A0F6AA3500E160EEAF037 /* ContentView.swift */ = {isa = PBXFileReference; fileEncoding = 4; lastKnownFileType = sourcecode.swift; path = ContentView.swift; sourceTree = "<group>"; };
		3B2A0FE462ACA9CE3BBD2D62 /* StateControlView.swift */ = {isa = PBXFileReference; fileEncoding = 4; lastKnownFileType = sourcecode.swift; path = StateControlView.swift; sourceTree = "<group>"; };
		426CCD848BF90E192F8C2927 /* Pods-StarGazer-StarGazerUITests.debug.xcconfig */ = {isa = PBXFileReference; includeInIndex = 1; lastKnownFileType = text.xcconfig; name = "Pods-StarGazer-StarGazerUITests.debug.xcconfig"; path = "Target Support Files/Pods-StarGazer-StarGazerUITests/Pods-StarGazer-StarGazerUITests.debug.xcconfig"; sourceTree = "<group>"; };
		4EBB33ED430F0F1CAAB6B88B /* Pods-StarGazerTests.release.xcconfig */ = {isa = PBXFileReference; includeInIndex = 1; lastKnownFileType = text.xcconfig; name = "Pods-StarGazerTests.release.xcconfig"; path = "Target Support Files/Pods-StarGazerTests/Pods-StarGazerTests.release.xcconfig"; sourceTree = "<group>"; };
		90B9CD25C3F4652D837B8FAC /* Pods-StarGazer.release.xcconfig */ = {isa = PBXFileReference; includeInIndex = 1; lastKnownFileType = text.xcconfig; name = "Pods-StarGazer.release.xcconfig"; path = "Target Support Files/Pods-StarGazer/Pods-StarGazer.release.xcconfig"; sourceTree = "<group>"; };
		E0B599600EC1D98488D5EEE0 /* Pods-StarGazer-StarGazerUITests.release.xcconfig */ = {isa = PBXFileReference; includeInIndex = 1; lastKnownFileType = text.xcconfig; name = "Pods-StarGazer-StarGazerUITests.release.xcconfig"; path = "Target Support Files/Pods-StarGazer-StarGazerUITests/Pods-StarGazer-StarGazerUITests.release.xcconfig"; sourceTree = "<group>"; };
		E9D94575AAA3ADD066CDDD7C /* Pods_StarGazer.framework */ = {isa = PBXFileReference; explicitFileType = wrapper.framework; includeInIndex = 0; path = Pods_StarGazer.framework; sourceTree = BUILT_PRODUCTS_DIR; };
		F857A401FB3DB9F990DF1485 /* Pods-StarGazerTests.debug.xcconfig */ = {isa = PBXFileReference; includeInIndex = 1; lastKnownFileType = text.xcconfig; name = "Pods-StarGazerTests.debug.xcconfig"; path = "Target Support Files/Pods-StarGazerTests/Pods-StarGazerTests.debug.xcconfig"; sourceTree = "<group>"; };
/* End PBXFileReference section */

/* Begin PBXFrameworksBuildPhase section */
		05B9B8B5276BDBAF00FF442F /* Frameworks */ = {
			isa = PBXFrameworksBuildPhase;
			buildActionMask = 2147483647;
			files = (
				053443212809A61E00ECF604 /* opencv2.framework in Frameworks */,
				05DE2238277C72A8007A90DE /* AssetsLibrary.framework in Frameworks */,
				05DE226E2781CACA007A90DE /* AVFoundation.framework in Frameworks */,
				05DE2232277C728C007A90DE /* CoreGraphics.framework in Frameworks */,
				05B65A692810523D00D77530 /* PermissionsSwiftUICamera in Frameworks */,
				05DE22702781CAE3007A90DE /* CoreImage.framework in Frameworks */,
				05DE2234277C7294007A90DE /* CoreMedia.framework in Frameworks */,
				05DE22722781CAF1007A90DE /* CoreVideo.framework in Frameworks */,
				05DE22742781CAFA007A90DE /* QuartzCore.framework in Frameworks */,
				05DE226C2781CA21007A90DE /* UIKit.framework in Frameworks */,
				05DE22762781CB0B007A90DE /* Foundation.framework in Frameworks */,
				055F7D2527C4418000D2AE59 /* ModalView in Frameworks */,
				05B65A6D2810523D00D77530 /* PermissionsSwiftUIPhoto in Frameworks */,
				05B65A6B2810523D00D77530 /* PermissionsSwiftUILocation in Frameworks */,
				054763F127CA2B2E00D15B25 /* AlertToast in Frameworks */,
				0510811A27BEE06100A50129 /* Lottie in Frameworks */,
				05DE223A277C72B2007A90DE /* Accelerate.framework in Frameworks */,
				053443162809A1F100ECF604 /* SlidingRuler in Frameworks */,
				05DE2236277C729E007A90DE /* CoreFoundation.framework in Frameworks */,
				8A13B089EC51684D47BE9933 /* Pods_StarGazer.framework in Frameworks */,
			);
			runOnlyForDeploymentPostprocessing = 0;
		};
		05B9B8C5276BDBB100FF442F /* Frameworks */ = {
			isa = PBXFrameworksBuildPhase;
			buildActionMask = 2147483647;
			files = (
			);
			runOnlyForDeploymentPostprocessing = 0;
		};
		05B9B8CF276BDBB100FF442F /* Frameworks */ = {
			isa = PBXFrameworksBuildPhase;
			buildActionMask = 2147483647;
			files = (
			);
			runOnlyForDeploymentPostprocessing = 0;
		};
/* End PBXFrameworksBuildPhase section */

/* Begin PBXGroup section */
		050945CD28045A8900089BEB /* TimeLapse */ = {
			isa = PBXGroup;
			children = (
				050945CE28045AAB00089BEB /* TimeLapseBuilder.swift */,
			);
			path = TimeLapse;
			sourceTree = "<group>";
		};
		0510811D27BEE52E00A50129 /* Lottie */ = {
			isa = PBXGroup;
			children = (
				05B65A702812CDFB00D77530 /* StarLensWelcome.json */,
				05C65CE627CC14EB001ADE0F /* shutter.json */,
				0536C3FE27BF02310060ABA0 /* shutterprep.json */,
				0536C3FB27BF01D50060ABA0 /* shutterstill.json */,
			);
			path = Lottie;
			sourceTree = "<group>";
		};
		0555FF102785D5670077B7A8 /* Extensions */ = {
			isa = PBXGroup;
			children = (
				0555FF112785D57B0077B7A8 /* MLMultiArrayExtension.swift */,
				0555FF132785D61A0077B7A8 /* CGImageExtension.swift */,
			);
			path = Extensions;
			sourceTree = "<group>";
		};
		056CBBC927790DE700538E2E /* Filters */ = {
			isa = PBXGroup;
			children = (
				056CBBD2277C6A6900538E2E /* OpticalFlowVisualizer.metal */,
				056CBBD3277C6A6900538E2E /* OpticalFlowVisualizerFilter.swift */,
				056CBBC727790DB900538E2E /* AverageStacking.metal */,
				056CBBCA27790DFE00538E2E /* AverageStackingFilter.swift */,
			);
			path = Filters;
			sourceTree = "<group>";
		};
		058018D328099BD600881E7F /* Export */ = {
			isa = PBXGroup;
			children = (
				058018D628099CA300881E7F /* ExportError.swift */,
				3B2A0D2F3EACE7853E8BB8AB /* ImageSaver.swift */,
				053D906F280718B20033BDE0 /* VideoSaver.swift */,
				058018D428099C0400881E7F /* RawSaver.swift */,
			);
			path = Export;
			sourceTree = "<group>";
		};
		05B9B8AF276BDBAF00FF442F = {
			isa = PBXGroup;
			children = (
				05B9B8BA276BDBAF00FF442F /* StarGazer */,
				05B9B8CB276BDBB100FF442F /* StarGazerTests */,
				05B9B8D5276BDBB100FF442F /* StarGazerUITests */,
				05B9B8B9276BDBAF00FF442F /* Products */,
				05DE222E277C727C007A90DE /* Frameworks */,
				8264B7F3A82C1F5E361EA8D1 /* Pods */,
			);
			sourceTree = "<group>";
		};
		05B9B8B9276BDBAF00FF442F /* Products */ = {
			isa = PBXGroup;
			children = (
				05B9B8B8276BDBAF00FF442F /* StarGazer.app */,
				05B9B8C8276BDBB100FF442F /* StarGazerTests.xctest */,
				05B9B8D2276BDBB100FF442F /* StarGazerUITests.xctest */,
			);
			name = Products;
			sourceTree = "<group>";
		};
		05B9B8BA276BDBAF00FF442F /* StarGazer */ = {
			isa = PBXGroup;
			children = (
				0510811D27BEE52E00A50129 /* Lottie */,
				0555FF102785D5670077B7A8 /* Extensions */,
				05DE223C277D0799007A90DE /* ImageProcessing */,
				056CBBC927790DE700538E2E /* Filters */,
				050945CD28045A8900089BEB /* TimeLapse */,
				05B9B8BB276BDBAF00FF442F /* StarGazerApp.swift */,
				051F0A7F276FBA370015C507 /* CameraService.swift */,
				058018D328099BD600881E7F /* Export */,
				051F0A83276FBC960015C507 /* PhotoCaptureProcessor.swift */,
				056CBBCC2779C8AD00538E2E /* CaptureObject.swift */,
				05CEB59D27723D8800EDDE7D /* PhotoStack.swift */,
				051F0A85276FBCBB0015C507 /* ImageResizer.swift */,
				055F7D2127C4346F00D2AE59 /* ImageSegmentation.swift */,
				05D4508227943EC6008DB81E /* ProjectController.swift */,
				05D4508427943F12008DB81E /* Project.swift */,
				05BE420927AF32EC00F45670 /* ProjectEditor.swift */,
				05C65CE427CC0E96001ADE0F /* UserOptions.swift */,
				3B2A04C5459BE23383B7E873 /* DeviceOrientationManager.swift */,
				3B2A07B712EAB45B4304C926 /* Views */,
				05B9B8BF276BDBB100FF442F /* Assets.xcassets */,
				051F0A8B276FC0C60015C507 /* Info.plist */,
				05B9B8C1276BDBB100FF442F /* Preview Content */,
				3B2A085D1DE3B259F9C0B6F3 /* MLModels */,
			);
			path = StarGazer;
			sourceTree = "<group>";
		};
		05B9B8C1276BDBB100FF442F /* Preview Content */ = {
			isa = PBXGroup;
			children = (
				05B9B8C2276BDBB100FF442F /* Preview Assets.xcassets */,
			);
			path = "Preview Content";
			sourceTree = "<group>";
		};
		05B9B8CB276BDBB100FF442F /* StarGazerTests */ = {
			isa = PBXGroup;
			children = (
				05B9B8CC276BDBB100FF442F /* StarGazerTests.swift */,
			);
			path = StarGazerTests;
			sourceTree = "<group>";
		};
		05B9B8D5276BDBB100FF442F /* StarGazerUITests */ = {
			isa = PBXGroup;
			children = (
				05B9B8D6276BDBB100FF442F /* StarGazerUITests.swift */,
				05B9B8D8276BDBB100FF442F /* StarGazerUITestsLaunchTests.swift */,
			);
			path = StarGazerUITests;
			sourceTree = "<group>";
		};
		05DE222E277C727C007A90DE /* Frameworks */ = {
			isa = PBXGroup;
			children = (
				0534431C2809A3C500ECF604 /* opencv2.framework */,
				05DE22752781CB0A007A90DE /* Foundation.framework */,
				05DE22732781CAFA007A90DE /* QuartzCore.framework */,
				05DE22712781CAF1007A90DE /* CoreVideo.framework */,
				05DE226F2781CAE2007A90DE /* CoreImage.framework */,
				05DE226D2781CAC9007A90DE /* AVFoundation.framework */,
				05DE226B2781CA20007A90DE /* UIKit.framework */,
				05DE2239277C72B2007A90DE /* Accelerate.framework */,
				05DE2237277C72A8007A90DE /* AssetsLibrary.framework */,
				05DE2235277C729E007A90DE /* CoreFoundation.framework */,
				05DE2233277C7294007A90DE /* CoreMedia.framework */,
				05DE2231277C728C007A90DE /* CoreGraphics.framework */,
				E9D94575AAA3ADD066CDDD7C /* Pods_StarGazer.framework */,
			);
			name = Frameworks;
			sourceTree = "<group>";
		};
		05DE223C277D0799007A90DE /* ImageProcessing */ = {
			isa = PBXGroup;
			children = (
				05EE7B5127E51BFB0047EF8F /* Export */,
				05DE2259277DB51F007A90DE /* Extensions */,
				05EE7B5027E51BB90047EF8F /* Alignment */,
				05EE7B5227E51C110047EF8F /* Enhancement */,
				05DE2242277D08C6007A90DE /* OpenCVStacker.h */,
				05DE2243277D08C6007A90DE /* OpenCVStacker.mm */,
				05752DF227A5E6E6004B5461 /* ImageMerger.hpp */,
				05BE420727AF1EDD00F45670 /* ImageEditor.h */,
				05BE420627AF1EDD00F45670 /* ImageEditor.mm */,
				05DE224F277D12F5007A90DE /* PrefixHeader.pch */,
				05DE2245277D08FB007A90DE /* StarGazer-Bridging-Header.h */,
			);
			path = ImageProcessing;
			sourceTree = "<group>";
		};
		05DE2259277DB51F007A90DE /* Extensions */ = {
			isa = PBXGroup;
			children = (
				05DE2256277DB420007A90DE /* UIImageOpenCV.h */,
				05DE2257277DB420007A90DE /* UIImageOpenCV.mm */,
				05DE225A277DB540007A90DE /* UIImageRotate.h */,
				05DE225B277DB540007A90DE /* UIImageRotate.mm */,
			);
			path = Extensions;
			sourceTree = "<group>";
		};
		05EE7B5027E51BB90047EF8F /* Alignment */ = {
			isa = PBXGroup;
			children = (
				05D9F45F27DBE611005A219A /* StarMatcher.hpp */,
				05DE225E277DB711007A90DE /* homography.hpp */,
				05DE225D277DB711007A90DE /* homography.cpp */,
			);
			path = Alignment;
			sourceTree = "<group>";
		};
		05EE7B5127E51BFB0047EF8F /* Export */ = {
			isa = PBXGroup;
			children = (
				058EEB5427B931AC00970D7F /* SaveBinaryCV.hpp */,
				058EEB5327B931AC00970D7F /* SaveBinaryCV.cpp */,
			);
			path = Export;
			sourceTree = "<group>";
		};
		05EE7B5227E51C110047EF8F /* Enhancement */ = {
			isa = PBXGroup;
			children = (
				05D4507E279378BF008DB81E /* blend.hpp */,
				05D4507D279378BF008DB81E /* blend.cpp */,
				05EE7B4E27E51BB50047EF8F /* enhance.hpp */,
				05EE7B4D27E51BB50047EF8F /* enhance.cpp */,
				05DE2264277E3E3A007A90DE /* hdrmerge.hpp */,
				05DE2263277E3E3A007A90DE /* hdrmerge.cpp */,
			);
			path = Enhancement;
			sourceTree = "<group>";
		};
		05EE7B5527E672F20047EF8F /* Components */ = {
			isa = PBXGroup;
			children = (
				05EE7B5327E672EC0047EF8F /* SegmentedPicker.swift */,
				0510811B27BEE51000A50129 /* LottieView.swift */,
				05B65A722812D3A400D77530 /* TimedLottieView.swift */,
			);
			path = Components;
			sourceTree = "<group>";
		};
		3B2A07B712EAB45B4304C926 /* Views */ = {
			isa = PBXGroup;
			children = (
				05EE7B5527E672F20047EF8F /* Components */,
				3B2A0FE462ACA9CE3BBD2D62 /* StateControlView.swift */,
				3B2A0F6AA3500E160EEAF037 /* ContentView.swift */,
				05849A3427BAF8C90073BB75 /* SettingsView.swift */,
				3B2A01974F64B6F47AF2F12B /* CaptureView.swift */,
				3B2A0C84CD2D4803328C6E94 /* CameraPreview.swift */,
				3B2A0AF963F942431EE0A19B /* ProcessingView.swift */,
				05D4508027943488008DB81E /* ProjectsView.swift */,
				05D338AA27A47A85008BB868 /* ProjectEditView.swift */,
				05B65A6E2811A12C00D77530 /* TutorialView.swift */,
			);
			path = Views;
			sourceTree = "<group>";
		};
		3B2A085D1DE3B259F9C0B6F3 /* MLModels */ = {
			isa = PBXGroup;
			children = (
				05590E6527D6985D0023C6EA /* FPN_MobileNet.mlpackage */,
			);
			path = MLModels;
			sourceTree = "<group>";
		};
		8264B7F3A82C1F5E361EA8D1 /* Pods */ = {
			isa = PBXGroup;
			children = (
				2D82E9966AD2135A50A7F875 /* Pods-StarGazer.debug.xcconfig */,
				90B9CD25C3F4652D837B8FAC /* Pods-StarGazer.release.xcconfig */,
				426CCD848BF90E192F8C2927 /* Pods-StarGazer-StarGazerUITests.debug.xcconfig */,
				E0B599600EC1D98488D5EEE0 /* Pods-StarGazer-StarGazerUITests.release.xcconfig */,
				F857A401FB3DB9F990DF1485 /* Pods-StarGazerTests.debug.xcconfig */,
				4EBB33ED430F0F1CAAB6B88B /* Pods-StarGazerTests.release.xcconfig */,
			);
			path = Pods;
			sourceTree = "<group>";
		};
/* End PBXGroup section */

/* Begin PBXNativeTarget section */
		05B9B8B7276BDBAF00FF442F /* StarGazer */ = {
			isa = PBXNativeTarget;
			buildConfigurationList = 05B9B8DC276BDBB100FF442F /* Build configuration list for PBXNativeTarget "StarGazer" */;
			buildPhases = (
				BB5A3E46739EA05E71FC5458 /* [CP] Check Pods Manifest.lock */,
				05B9B8B4276BDBAF00FF442F /* Sources */,
				05B9B8B5276BDBAF00FF442F /* Frameworks */,
				05B9B8B6276BDBAF00FF442F /* Resources */,
			);
			buildRules = (
			);
			dependencies = (
			);
			name = StarGazer;
			packageProductDependencies = (
				0510811927BEE06100A50129 /* Lottie */,
				055F7D2427C4418000D2AE59 /* ModalView */,
				054763F027CA2B2E00D15B25 /* AlertToast */,
				053443152809A1F100ECF604 /* SlidingRuler */,
				05B65A682810523D00D77530 /* PermissionsSwiftUICamera */,
				05B65A6A2810523D00D77530 /* PermissionsSwiftUILocation */,
				05B65A6C2810523D00D77530 /* PermissionsSwiftUIPhoto */,
			);
			productName = StarGazer;
			productReference = 05B9B8B8276BDBAF00FF442F /* StarGazer.app */;
			productType = "com.apple.product-type.application";
		};
		05B9B8C7276BDBB100FF442F /* StarGazerTests */ = {
			isa = PBXNativeTarget;
			buildConfigurationList = 05B9B8DF276BDBB100FF442F /* Build configuration list for PBXNativeTarget "StarGazerTests" */;
			buildPhases = (
				8144E360EEBBAED8C4FE5B12 /* [CP] Check Pods Manifest.lock */,
				05B9B8C4276BDBB100FF442F /* Sources */,
				05B9B8C5276BDBB100FF442F /* Frameworks */,
				05B9B8C6276BDBB100FF442F /* Resources */,
			);
			buildRules = (
			);
			dependencies = (
				05B9B8CA276BDBB100FF442F /* PBXTargetDependency */,
			);
			name = StarGazerTests;
			productName = StarGazerTests;
			productReference = 05B9B8C8276BDBB100FF442F /* StarGazerTests.xctest */;
			productType = "com.apple.product-type.bundle.unit-test";
		};
		05B9B8D1276BDBB100FF442F /* StarGazerUITests */ = {
			isa = PBXNativeTarget;
			buildConfigurationList = 05B9B8E2276BDBB100FF442F /* Build configuration list for PBXNativeTarget "StarGazerUITests" */;
			buildPhases = (
				6D5089E6B49F9EFD1E62B05B /* [CP] Check Pods Manifest.lock */,
				05B9B8CE276BDBB100FF442F /* Sources */,
				05B9B8CF276BDBB100FF442F /* Frameworks */,
				05B9B8D0276BDBB100FF442F /* Resources */,
			);
			buildRules = (
			);
			dependencies = (
				05B9B8D4276BDBB100FF442F /* PBXTargetDependency */,
			);
			name = StarGazerUITests;
			productName = StarGazerUITests;
			productReference = 05B9B8D2276BDBB100FF442F /* StarGazerUITests.xctest */;
			productType = "com.apple.product-type.bundle.ui-testing";
		};
/* End PBXNativeTarget section */

/* Begin PBXProject section */
		05B9B8B0276BDBAF00FF442F /* Project object */ = {
			isa = PBXProject;
			attributes = {
				BuildIndependentTargetsInParallel = 1;
				LastSwiftUpdateCheck = 1320;
				LastUpgradeCheck = 1320;
				TargetAttributes = {
					05B9B8B7276BDBAF00FF442F = {
						CreatedOnToolsVersion = 13.2;
						LastSwiftMigration = 1320;
					};
					05B9B8C7276BDBB100FF442F = {
						CreatedOnToolsVersion = 13.2;
						LastSwiftMigration = 1320;
						TestTargetID = 05B9B8B7276BDBAF00FF442F;
					};
					05B9B8D1276BDBB100FF442F = {
						CreatedOnToolsVersion = 13.2;
						TestTargetID = 05B9B8B7276BDBAF00FF442F;
					};
				};
			};
			buildConfigurationList = 05B9B8B3276BDBAF00FF442F /* Build configuration list for PBXProject "StarGazer" */;
			compatibilityVersion = "Xcode 13.0";
			developmentRegion = en;
			hasScannedForEncodings = 0;
			knownRegions = (
				en,
			);
			mainGroup = 05B9B8AF276BDBAF00FF442F;
			packageReferences = (
				0510811827BEE06100A50129 /* XCRemoteSwiftPackageReference "lottie-ios" */,
				055F7D2327C4418000D2AE59 /* XCRemoteSwiftPackageReference "modal-view" */,
				054763EF27CA2B2E00D15B25 /* XCRemoteSwiftPackageReference "AlertToast" */,
				05D9F46427DBF4A3005A219A /* XCRemoteSwiftPackageReference "SlidingRuler" */,
				05B65A672810523D00D77530 /* XCRemoteSwiftPackageReference "PermissionsSwiftUI" */,
			);
			productRefGroup = 05B9B8B9276BDBAF00FF442F /* Products */;
			projectDirPath = "";
			projectRoot = "";
			targets = (
				05B9B8B7276BDBAF00FF442F /* StarGazer */,
				05B9B8C7276BDBB100FF442F /* StarGazerTests */,
				05B9B8D1276BDBB100FF442F /* StarGazerUITests */,
			);
		};
/* End PBXProject section */

/* Begin PBXResourcesBuildPhase section */
		05B9B8B6276BDBAF00FF442F /* Resources */ = {
			isa = PBXResourcesBuildPhase;
			buildActionMask = 2147483647;
			files = (
				05B65A712812CDFB00D77530 /* StarLensWelcome.json in Resources */,
				0536C3FF27BF02310060ABA0 /* shutterprep.json in Resources */,
				0536C3FD27BF01D50060ABA0 /* shutterstill.json in Resources */,
				05B9B8C3276BDBB100FF442F /* Preview Assets.xcassets in Resources */,
				05B9B8C0276BDBB100FF442F /* Assets.xcassets in Resources */,
				05C65CE727CC14EB001ADE0F /* shutter.json in Resources */,
			);
			runOnlyForDeploymentPostprocessing = 0;
		};
		05B9B8C6276BDBB100FF442F /* Resources */ = {
			isa = PBXResourcesBuildPhase;
			buildActionMask = 2147483647;
			files = (
			);
			runOnlyForDeploymentPostprocessing = 0;
		};
		05B9B8D0276BDBB100FF442F /* Resources */ = {
			isa = PBXResourcesBuildPhase;
			buildActionMask = 2147483647;
			files = (
			);
			runOnlyForDeploymentPostprocessing = 0;
		};
/* End PBXResourcesBuildPhase section */

/* Begin PBXShellScriptBuildPhase section */
		6D5089E6B49F9EFD1E62B05B /* [CP] Check Pods Manifest.lock */ = {
			isa = PBXShellScriptBuildPhase;
			buildActionMask = 2147483647;
			files = (
			);
			inputFileListPaths = (
			);
			inputPaths = (
				"${PODS_PODFILE_DIR_PATH}/Podfile.lock",
				"${PODS_ROOT}/Manifest.lock",
			);
			name = "[CP] Check Pods Manifest.lock";
			outputFileListPaths = (
			);
			outputPaths = (
				"$(DERIVED_FILE_DIR)/Pods-StarGazer-StarGazerUITests-checkManifestLockResult.txt",
			);
			runOnlyForDeploymentPostprocessing = 0;
			shellPath = /bin/sh;
			shellScript = "diff \"${PODS_PODFILE_DIR_PATH}/Podfile.lock\" \"${PODS_ROOT}/Manifest.lock\" > /dev/null\nif [ $? != 0 ] ; then\n    # print error to STDERR\n    echo \"error: The sandbox is not in sync with the Podfile.lock. Run 'pod install' or update your CocoaPods installation.\" >&2\n    exit 1\nfi\n# This output is used by Xcode 'outputs' to avoid re-running this script phase.\necho \"SUCCESS\" > \"${SCRIPT_OUTPUT_FILE_0}\"\n";
			showEnvVarsInLog = 0;
		};
		8144E360EEBBAED8C4FE5B12 /* [CP] Check Pods Manifest.lock */ = {
			isa = PBXShellScriptBuildPhase;
			buildActionMask = 2147483647;
			files = (
			);
			inputFileListPaths = (
			);
			inputPaths = (
				"${PODS_PODFILE_DIR_PATH}/Podfile.lock",
				"${PODS_ROOT}/Manifest.lock",
			);
			name = "[CP] Check Pods Manifest.lock";
			outputFileListPaths = (
			);
			outputPaths = (
				"$(DERIVED_FILE_DIR)/Pods-StarGazerTests-checkManifestLockResult.txt",
			);
			runOnlyForDeploymentPostprocessing = 0;
			shellPath = /bin/sh;
			shellScript = "diff \"${PODS_PODFILE_DIR_PATH}/Podfile.lock\" \"${PODS_ROOT}/Manifest.lock\" > /dev/null\nif [ $? != 0 ] ; then\n    # print error to STDERR\n    echo \"error: The sandbox is not in sync with the Podfile.lock. Run 'pod install' or update your CocoaPods installation.\" >&2\n    exit 1\nfi\n# This output is used by Xcode 'outputs' to avoid re-running this script phase.\necho \"SUCCESS\" > \"${SCRIPT_OUTPUT_FILE_0}\"\n";
			showEnvVarsInLog = 0;
		};
		BB5A3E46739EA05E71FC5458 /* [CP] Check Pods Manifest.lock */ = {
			isa = PBXShellScriptBuildPhase;
			buildActionMask = 2147483647;
			files = (
			);
			inputFileListPaths = (
			);
			inputPaths = (
				"${PODS_PODFILE_DIR_PATH}/Podfile.lock",
				"${PODS_ROOT}/Manifest.lock",
			);
			name = "[CP] Check Pods Manifest.lock";
			outputFileListPaths = (
			);
			outputPaths = (
				"$(DERIVED_FILE_DIR)/Pods-StarGazer-checkManifestLockResult.txt",
			);
			runOnlyForDeploymentPostprocessing = 0;
			shellPath = /bin/sh;
			shellScript = "diff \"${PODS_PODFILE_DIR_PATH}/Podfile.lock\" \"${PODS_ROOT}/Manifest.lock\" > /dev/null\nif [ $? != 0 ] ; then\n    # print error to STDERR\n    echo \"error: The sandbox is not in sync with the Podfile.lock. Run 'pod install' or update your CocoaPods installation.\" >&2\n    exit 1\nfi\n# This output is used by Xcode 'outputs' to avoid re-running this script phase.\necho \"SUCCESS\" > \"${SCRIPT_OUTPUT_FILE_0}\"\n";
			showEnvVarsInLog = 0;
		};
/* End PBXShellScriptBuildPhase section */

/* Begin PBXSourcesBuildPhase section */
		05B9B8B4276BDBAF00FF442F /* Sources */ = {
			isa = PBXSourcesBuildPhase;
			buildActionMask = 2147483647;
			files = (
				056CBBD5277C6A6900538E2E /* OpticalFlowVisualizerFilter.swift in Sources */,
				056CBBC827790DB900538E2E /* AverageStacking.metal in Sources */,
				051F0A84276FBC960015C507 /* PhotoCaptureProcessor.swift in Sources */,
				05C65CE527CC0E96001ADE0F /* UserOptions.swift in Sources */,
				055F7D2227C4346F00D2AE59 /* ImageSegmentation.swift in Sources */,
				05B9B8BC276BDBAF00FF442F /* StarGazerApp.swift in Sources */,
				05CEB59E27723D8800EDDE7D /* PhotoStack.swift in Sources */,
				05849A3527BAF8C90073BB75 /* SettingsView.swift in Sources */,
				05D338AB27A47A86008BB868 /* ProjectEditView.swift in Sources */,
				05D4507F279378BF008DB81E /* blend.cpp in Sources */,
				0555FF122785D57B0077B7A8 /* MLMultiArrayExtension.swift in Sources */,
				05DE2265277E3E3B007A90DE /* hdrmerge.cpp in Sources */,
				05DE2244277D08C6007A90DE /* OpenCVStacker.mm in Sources */,
				0555FF142785D61A0077B7A8 /* CGImageExtension.swift in Sources */,
				05BE420827AF1EDD00F45670 /* ImageEditor.mm in Sources */,
				05BE420A27AF32EC00F45670 /* ProjectEditor.swift in Sources */,
				058018D528099C0400881E7F /* RawSaver.swift in Sources */,
				058EEB5527B931AC00970D7F /* SaveBinaryCV.cpp in Sources */,
				05D4508327943EC6008DB81E /* ProjectController.swift in Sources */,
				056CBBCB27790DFE00538E2E /* AverageStackingFilter.swift in Sources */,
				05DE2258277DB420007A90DE /* UIImageOpenCV.mm in Sources */,
				053D9070280718B20033BDE0 /* VideoSaver.swift in Sources */,
				05590E6627D6985D0023C6EA /* FPN_MobileNet.mlpackage in Sources */,
				05DE225C277DB540007A90DE /* UIImageRotate.mm in Sources */,
				051F0A80276FBA370015C507 /* CameraService.swift in Sources */,
				056CBBD4277C6A6900538E2E /* OpticalFlowVisualizer.metal in Sources */,
				051F0A86276FBCBB0015C507 /* ImageResizer.swift in Sources */,
				05D4508527943F12008DB81E /* Project.swift in Sources */,
				05D4508127943488008DB81E /* ProjectsView.swift in Sources */,
				05EE7B5427E672ED0047EF8F /* SegmentedPicker.swift in Sources */,
				05DE225F277DB711007A90DE /* homography.cpp in Sources */,
				056CBBCD2779C8AD00538E2E /* CaptureObject.swift in Sources */,
				3B2A0AC74BE999EEA6281B19 /* CaptureView.swift in Sources */,
				3B2A03360DC479D2EB69D1CF /* ContentView.swift in Sources */,
				3B2A05F33EB44385E6E04728 /* CameraPreview.swift in Sources */,
				3B2A0DF990A7BBDDC71C7A5E /* ProcessingView.swift in Sources */,
				0510811C27BEE51000A50129 /* LottieView.swift in Sources */,
				05B65A732812D3A400D77530 /* TimedLottieView.swift in Sources */,
				3B2A0275CFBFEAD7C1733E1D /* StateControlView.swift in Sources */,
				058018D728099CA300881E7F /* ExportError.swift in Sources */,
				050945CF28045AAB00089BEB /* TimeLapseBuilder.swift in Sources */,
				05B65A6F2811A12C00D77530 /* TutorialView.swift in Sources */,
				3B2A09E3AF13441AEFBB03FA /* ImageSaver.swift in Sources */,
				3B2A0D3938D697BC8035E4D2 /* DeviceOrientationManager.swift in Sources */,
				05EE7B4F27E51BB50047EF8F /* enhance.cpp in Sources */,
			);
			runOnlyForDeploymentPostprocessing = 0;
		};
		05B9B8C4276BDBB100FF442F /* Sources */ = {
			isa = PBXSourcesBuildPhase;
			buildActionMask = 2147483647;
			files = (
				05B9B8CD276BDBB100FF442F /* StarGazerTests.swift in Sources */,
			);
			runOnlyForDeploymentPostprocessing = 0;
		};
		05B9B8CE276BDBB100FF442F /* Sources */ = {
			isa = PBXSourcesBuildPhase;
			buildActionMask = 2147483647;
			files = (
				05B9B8D9276BDBB100FF442F /* StarGazerUITestsLaunchTests.swift in Sources */,
				05B9B8D7276BDBB100FF442F /* StarGazerUITests.swift in Sources */,
			);
			runOnlyForDeploymentPostprocessing = 0;
		};
/* End PBXSourcesBuildPhase section */

/* Begin PBXTargetDependency section */
		05B9B8CA276BDBB100FF442F /* PBXTargetDependency */ = {
			isa = PBXTargetDependency;
			target = 05B9B8B7276BDBAF00FF442F /* StarGazer */;
			targetProxy = 05B9B8C9276BDBB100FF442F /* PBXContainerItemProxy */;
		};
		05B9B8D4276BDBB100FF442F /* PBXTargetDependency */ = {
			isa = PBXTargetDependency;
			target = 05B9B8B7276BDBAF00FF442F /* StarGazer */;
			targetProxy = 05B9B8D3276BDBB100FF442F /* PBXContainerItemProxy */;
		};
/* End PBXTargetDependency section */

/* Begin XCBuildConfiguration section */
		05B9B8DA276BDBB100FF442F /* Debug */ = {
			isa = XCBuildConfiguration;
			buildSettings = {
				ALWAYS_SEARCH_USER_PATHS = NO;
				CLANG_ANALYZER_NONNULL = YES;
				CLANG_ANALYZER_NUMBER_OBJECT_CONVERSION = YES_AGGRESSIVE;
				CLANG_CXX_LANGUAGE_STANDARD = "gnu++17";
				CLANG_CXX_LIBRARY = "libc++";
				CLANG_ENABLE_MODULES = YES;
				CLANG_ENABLE_OBJC_ARC = YES;
				CLANG_ENABLE_OBJC_WEAK = YES;
				CLANG_WARN_BLOCK_CAPTURE_AUTORELEASING = YES;
				CLANG_WARN_BOOL_CONVERSION = YES;
				CLANG_WARN_COMMA = YES;
				CLANG_WARN_CONSTANT_CONVERSION = YES;
				CLANG_WARN_DEPRECATED_OBJC_IMPLEMENTATIONS = YES;
				CLANG_WARN_DIRECT_OBJC_ISA_USAGE = YES_ERROR;
				CLANG_WARN_DOCUMENTATION_COMMENTS = YES;
				CLANG_WARN_EMPTY_BODY = YES;
				CLANG_WARN_ENUM_CONVERSION = YES;
				CLANG_WARN_INFINITE_RECURSION = YES;
				CLANG_WARN_INT_CONVERSION = YES;
				CLANG_WARN_NON_LITERAL_NULL_CONVERSION = YES;
				CLANG_WARN_OBJC_IMPLICIT_RETAIN_SELF = YES;
				CLANG_WARN_OBJC_LITERAL_CONVERSION = YES;
				CLANG_WARN_OBJC_ROOT_CLASS = YES_ERROR;
				CLANG_WARN_QUOTED_INCLUDE_IN_FRAMEWORK_HEADER = YES;
				CLANG_WARN_RANGE_LOOP_ANALYSIS = YES;
				CLANG_WARN_STRICT_PROTOTYPES = YES;
				CLANG_WARN_SUSPICIOUS_MOVE = YES;
				CLANG_WARN_UNGUARDED_AVAILABILITY = YES_AGGRESSIVE;
				CLANG_WARN_UNREACHABLE_CODE = YES;
				CLANG_WARN__DUPLICATE_METHOD_MATCH = YES;
				COPY_PHASE_STRIP = NO;
				DEBUG_INFORMATION_FORMAT = dwarf;
				ENABLE_STRICT_OBJC_MSGSEND = YES;
				ENABLE_TESTABILITY = YES;
				GCC_C_LANGUAGE_STANDARD = gnu11;
				GCC_DYNAMIC_NO_PIC = NO;
				GCC_NO_COMMON_BLOCKS = YES;
				GCC_OPTIMIZATION_LEVEL = 0;
				GCC_PREPROCESSOR_DEFINITIONS = (
					"DEBUG=1",
					"$(inherited)",
				);
				GCC_WARN_64_TO_32_BIT_CONVERSION = YES;
				GCC_WARN_ABOUT_RETURN_TYPE = YES_ERROR;
				GCC_WARN_UNDECLARED_SELECTOR = YES;
				GCC_WARN_UNINITIALIZED_AUTOS = YES_AGGRESSIVE;
				GCC_WARN_UNUSED_FUNCTION = YES;
				GCC_WARN_UNUSED_VARIABLE = YES;
				INFOPLIST_FILE = StarGazer/Info.plist;
				IPHONEOS_DEPLOYMENT_TARGET = 15.0;
				MTLLINKER_FLAGS = "-fcikernel";
				MTL_COMPILER_FLAGS = "-fcikernel";
				MTL_ENABLE_DEBUG_INFO = INCLUDE_SOURCE;
				MTL_FAST_MATH = YES;
				ONLY_ACTIVE_ARCH = YES;
				SDKROOT = iphoneos;
				SWIFT_ACTIVE_COMPILATION_CONDITIONS = DEBUG;
				SWIFT_OPTIMIZATION_LEVEL = "-Onone";
			};
			name = Debug;
		};
		05B9B8DB276BDBB100FF442F /* Release */ = {
			isa = XCBuildConfiguration;
			buildSettings = {
				ALWAYS_SEARCH_USER_PATHS = NO;
				CLANG_ANALYZER_NONNULL = YES;
				CLANG_ANALYZER_NUMBER_OBJECT_CONVERSION = YES_AGGRESSIVE;
				CLANG_CXX_LANGUAGE_STANDARD = "gnu++17";
				CLANG_CXX_LIBRARY = "libc++";
				CLANG_ENABLE_MODULES = YES;
				CLANG_ENABLE_OBJC_ARC = YES;
				CLANG_ENABLE_OBJC_WEAK = YES;
				CLANG_WARN_BLOCK_CAPTURE_AUTORELEASING = YES;
				CLANG_WARN_BOOL_CONVERSION = YES;
				CLANG_WARN_COMMA = YES;
				CLANG_WARN_CONSTANT_CONVERSION = YES;
				CLANG_WARN_DEPRECATED_OBJC_IMPLEMENTATIONS = YES;
				CLANG_WARN_DIRECT_OBJC_ISA_USAGE = YES_ERROR;
				CLANG_WARN_DOCUMENTATION_COMMENTS = YES;
				CLANG_WARN_EMPTY_BODY = YES;
				CLANG_WARN_ENUM_CONVERSION = YES;
				CLANG_WARN_INFINITE_RECURSION = YES;
				CLANG_WARN_INT_CONVERSION = YES;
				CLANG_WARN_NON_LITERAL_NULL_CONVERSION = YES;
				CLANG_WARN_OBJC_IMPLICIT_RETAIN_SELF = YES;
				CLANG_WARN_OBJC_LITERAL_CONVERSION = YES;
				CLANG_WARN_OBJC_ROOT_CLASS = YES_ERROR;
				CLANG_WARN_QUOTED_INCLUDE_IN_FRAMEWORK_HEADER = YES;
				CLANG_WARN_RANGE_LOOP_ANALYSIS = YES;
				CLANG_WARN_STRICT_PROTOTYPES = YES;
				CLANG_WARN_SUSPICIOUS_MOVE = YES;
				CLANG_WARN_UNGUARDED_AVAILABILITY = YES_AGGRESSIVE;
				CLANG_WARN_UNREACHABLE_CODE = YES;
				CLANG_WARN__DUPLICATE_METHOD_MATCH = YES;
				COPY_PHASE_STRIP = NO;
				DEBUG_INFORMATION_FORMAT = "dwarf-with-dsym";
				ENABLE_NS_ASSERTIONS = NO;
				ENABLE_STRICT_OBJC_MSGSEND = YES;
				GCC_C_LANGUAGE_STANDARD = gnu11;
				GCC_NO_COMMON_BLOCKS = YES;
				GCC_WARN_64_TO_32_BIT_CONVERSION = YES;
				GCC_WARN_ABOUT_RETURN_TYPE = YES_ERROR;
				GCC_WARN_UNDECLARED_SELECTOR = YES;
				GCC_WARN_UNINITIALIZED_AUTOS = YES_AGGRESSIVE;
				GCC_WARN_UNUSED_FUNCTION = YES;
				GCC_WARN_UNUSED_VARIABLE = YES;
				INFOPLIST_FILE = StarGazer/Info.plist;
				IPHONEOS_DEPLOYMENT_TARGET = 15.0;
				MTLLINKER_FLAGS = "-fcikernel";
				MTL_COMPILER_FLAGS = "-fcikernel";
				MTL_ENABLE_DEBUG_INFO = NO;
				MTL_FAST_MATH = YES;
				SDKROOT = iphoneos;
				SWIFT_COMPILATION_MODE = wholemodule;
				SWIFT_OPTIMIZATION_LEVEL = "-O";
				VALIDATE_PRODUCT = YES;
			};
			name = Release;
		};
		05B9B8DD276BDBB100FF442F /* Debug */ = {
			isa = XCBuildConfiguration;
			baseConfigurationReference = 2D82E9966AD2135A50A7F875 /* Pods-StarGazer.debug.xcconfig */;
			buildSettings = {
				ASSETCATALOG_COMPILER_APPICON_NAME = AppIcon;
				ASSETCATALOG_COMPILER_GLOBAL_ACCENT_COLOR_NAME = AccentColor;
				CLANG_ENABLE_MODULES = YES;
				CODE_SIGN_STYLE = Automatic;
				CURRENT_PROJECT_VERSION = 1;
				DEVELOPMENT_ASSET_PATHS = "\"StarGazer/Preview Content\"";
				DEVELOPMENT_TEAM = K45E9YCK62;
				ENABLE_PREVIEWS = YES;
				FRAMEWORK_SEARCH_PATHS = (
					"$(inherited)",
					"$(PROJECT_DIR)",
				);
				GCC_PREFIX_HEADER = "$(SRCROOT)/StarGazer/ImageProcessing/PrefixHeader.pch";
				GENERATE_INFOPLIST_FILE = YES;
				INFOPLIST_KEY_UIApplicationSceneManifest_Generation = YES;
				INFOPLIST_KEY_UIApplicationSupportsIndirectInputEvents = YES;
				INFOPLIST_KEY_UILaunchScreen_Generation = YES;
				INFOPLIST_KEY_UISupportedInterfaceOrientations_iPad = "UIInterfaceOrientationPortrait UIInterfaceOrientationPortraitUpsideDown UIInterfaceOrientationLandscapeLeft UIInterfaceOrientationLandscapeRight";
				INFOPLIST_KEY_UISupportedInterfaceOrientations_iPhone = "UIInterfaceOrientationPortrait UIInterfaceOrientationLandscapeLeft UIInterfaceOrientationLandscapeRight";
				LD_RUNPATH_SEARCH_PATHS = (
					"$(inherited)",
					"@executable_path/Frameworks",
				);
				MARKETING_VERSION = 1.0;
				PRODUCT_BUNDLE_IDENTIFIER = jungemeyer.com.StarGazer;
				PRODUCT_NAME = "$(TARGET_NAME)";
				SWIFT_EMIT_LOC_STRINGS = YES;
				SWIFT_OBJC_BRIDGING_HEADER = "StarGazer/ImageProcessing/StarGazer-Bridging-Header.h";
				SWIFT_OPTIMIZATION_LEVEL = "-Onone";
				SWIFT_VERSION = 5.0;
				TARGETED_DEVICE_FAMILY = 1;
			};
			name = Debug;
		};
		05B9B8DE276BDBB100FF442F /* Release */ = {
			isa = XCBuildConfiguration;
			baseConfigurationReference = 90B9CD25C3F4652D837B8FAC /* Pods-StarGazer.release.xcconfig */;
			buildSettings = {
				ASSETCATALOG_COMPILER_APPICON_NAME = AppIcon;
				ASSETCATALOG_COMPILER_GLOBAL_ACCENT_COLOR_NAME = AccentColor;
				CLANG_ENABLE_MODULES = YES;
				CODE_SIGN_STYLE = Automatic;
				CURRENT_PROJECT_VERSION = 1;
				DEVELOPMENT_ASSET_PATHS = "\"StarGazer/Preview Content\"";
				DEVELOPMENT_TEAM = K45E9YCK62;
				ENABLE_PREVIEWS = YES;
				FRAMEWORK_SEARCH_PATHS = (
					"$(inherited)",
					"$(PROJECT_DIR)",
				);
				GCC_PREFIX_HEADER = "$(SRCROOT)/StarGazer/ImageProcessing/PrefixHeader.pch";
				GENERATE_INFOPLIST_FILE = YES;
				INFOPLIST_KEY_UIApplicationSceneManifest_Generation = YES;
				INFOPLIST_KEY_UIApplicationSupportsIndirectInputEvents = YES;
				INFOPLIST_KEY_UILaunchScreen_Generation = YES;
				INFOPLIST_KEY_UISupportedInterfaceOrientations_iPad = "UIInterfaceOrientationPortrait UIInterfaceOrientationPortraitUpsideDown UIInterfaceOrientationLandscapeLeft UIInterfaceOrientationLandscapeRight";
				INFOPLIST_KEY_UISupportedInterfaceOrientations_iPhone = "UIInterfaceOrientationPortrait UIInterfaceOrientationLandscapeLeft UIInterfaceOrientationLandscapeRight";
				LD_RUNPATH_SEARCH_PATHS = (
					"$(inherited)",
					"@executable_path/Frameworks",
				);
				MARKETING_VERSION = 1.0;
				PRODUCT_BUNDLE_IDENTIFIER = jungemeyer.com.StarGazer;
				PRODUCT_NAME = "$(TARGET_NAME)";
				SWIFT_EMIT_LOC_STRINGS = YES;
				SWIFT_OBJC_BRIDGING_HEADER = "StarGazer/ImageProcessing/StarGazer-Bridging-Header.h";
				SWIFT_VERSION = 5.0;
				TARGETED_DEVICE_FAMILY = 1;
			};
			name = Release;
		};
		05B9B8E0276BDBB100FF442F /* Debug */ = {
			isa = XCBuildConfiguration;
			baseConfigurationReference = F857A401FB3DB9F990DF1485 /* Pods-StarGazerTests.debug.xcconfig */;
			buildSettings = {
				ALWAYS_EMBED_SWIFT_STANDARD_LIBRARIES = YES;
				BUNDLE_LOADER = "$(TEST_HOST)";
				CLANG_ENABLE_MODULES = YES;
				CODE_SIGN_STYLE = Automatic;
				CURRENT_PROJECT_VERSION = 1;
				DEVELOPMENT_TEAM = K45E9YCK62;
				GENERATE_INFOPLIST_FILE = YES;
				IPHONEOS_DEPLOYMENT_TARGET = 15.2;
				LD_RUNPATH_SEARCH_PATHS = (
					"$(inherited)",
					"@executable_path/Frameworks",
					"@loader_path/Frameworks",
				);
				MARKETING_VERSION = 1.0;
				PRODUCT_BUNDLE_IDENTIFIER = jungemeyer.com.StarGazerTests;
				PRODUCT_NAME = "$(TARGET_NAME)";
				SWIFT_EMIT_LOC_STRINGS = NO;
				SWIFT_OPTIMIZATION_LEVEL = "-Onone";
				SWIFT_VERSION = 5.0;
				TARGETED_DEVICE_FAMILY = "1,2";
				TEST_HOST = "$(BUILT_PRODUCTS_DIR)/StarGazer.app/StarGazer";
			};
			name = Debug;
		};
		05B9B8E1276BDBB100FF442F /* Release */ = {
			isa = XCBuildConfiguration;
			baseConfigurationReference = 4EBB33ED430F0F1CAAB6B88B /* Pods-StarGazerTests.release.xcconfig */;
			buildSettings = {
				ALWAYS_EMBED_SWIFT_STANDARD_LIBRARIES = YES;
				BUNDLE_LOADER = "$(TEST_HOST)";
				CLANG_ENABLE_MODULES = YES;
				CODE_SIGN_STYLE = Automatic;
				CURRENT_PROJECT_VERSION = 1;
				DEVELOPMENT_TEAM = K45E9YCK62;
				GENERATE_INFOPLIST_FILE = YES;
				IPHONEOS_DEPLOYMENT_TARGET = 15.2;
				LD_RUNPATH_SEARCH_PATHS = (
					"$(inherited)",
					"@executable_path/Frameworks",
					"@loader_path/Frameworks",
				);
				MARKETING_VERSION = 1.0;
				PRODUCT_BUNDLE_IDENTIFIER = jungemeyer.com.StarGazerTests;
				PRODUCT_NAME = "$(TARGET_NAME)";
				SWIFT_EMIT_LOC_STRINGS = NO;
				SWIFT_VERSION = 5.0;
				TARGETED_DEVICE_FAMILY = "1,2";
				TEST_HOST = "$(BUILT_PRODUCTS_DIR)/StarGazer.app/StarGazer";
			};
			name = Release;
		};
		05B9B8E3276BDBB100FF442F /* Debug */ = {
			isa = XCBuildConfiguration;
			baseConfigurationReference = 426CCD848BF90E192F8C2927 /* Pods-StarGazer-StarGazerUITests.debug.xcconfig */;
			buildSettings = {
				ALWAYS_EMBED_SWIFT_STANDARD_LIBRARIES = YES;
				CODE_SIGN_STYLE = Automatic;
				CURRENT_PROJECT_VERSION = 1;
				DEVELOPMENT_TEAM = K45E9YCK62;
				GENERATE_INFOPLIST_FILE = YES;
				MARKETING_VERSION = 1.0;
				PRODUCT_BUNDLE_IDENTIFIER = jungemeyer.com.StarGazerUITests;
				PRODUCT_NAME = "$(TARGET_NAME)";
				SWIFT_EMIT_LOC_STRINGS = NO;
				SWIFT_VERSION = 5.0;
				TARGETED_DEVICE_FAMILY = "1,2";
				TEST_TARGET_NAME = StarGazer;
			};
			name = Debug;
		};
		05B9B8E4276BDBB100FF442F /* Release */ = {
			isa = XCBuildConfiguration;
			baseConfigurationReference = E0B599600EC1D98488D5EEE0 /* Pods-StarGazer-StarGazerUITests.release.xcconfig */;
			buildSettings = {
				ALWAYS_EMBED_SWIFT_STANDARD_LIBRARIES = YES;
				CODE_SIGN_STYLE = Automatic;
				CURRENT_PROJECT_VERSION = 1;
				DEVELOPMENT_TEAM = K45E9YCK62;
				GENERATE_INFOPLIST_FILE = YES;
				MARKETING_VERSION = 1.0;
				PRODUCT_BUNDLE_IDENTIFIER = jungemeyer.com.StarGazerUITests;
				PRODUCT_NAME = "$(TARGET_NAME)";
				SWIFT_EMIT_LOC_STRINGS = NO;
				SWIFT_VERSION = 5.0;
				TARGETED_DEVICE_FAMILY = "1,2";
				TEST_TARGET_NAME = StarGazer;
			};
			name = Release;
		};
/* End XCBuildConfiguration section */

/* Begin XCConfigurationList section */
		05B9B8B3276BDBAF00FF442F /* Build configuration list for PBXProject "StarGazer" */ = {
			isa = XCConfigurationList;
			buildConfigurations = (
				05B9B8DA276BDBB100FF442F /* Debug */,
				05B9B8DB276BDBB100FF442F /* Release */,
			);
			defaultConfigurationIsVisible = 0;
			defaultConfigurationName = Release;
		};
		05B9B8DC276BDBB100FF442F /* Build configuration list for PBXNativeTarget "StarGazer" */ = {
			isa = XCConfigurationList;
			buildConfigurations = (
				05B9B8DD276BDBB100FF442F /* Debug */,
				05B9B8DE276BDBB100FF442F /* Release */,
			);
			defaultConfigurationIsVisible = 0;
			defaultConfigurationName = Release;
		};
		05B9B8DF276BDBB100FF442F /* Build configuration list for PBXNativeTarget "StarGazerTests" */ = {
			isa = XCConfigurationList;
			buildConfigurations = (
				05B9B8E0276BDBB100FF442F /* Debug */,
				05B9B8E1276BDBB100FF442F /* Release */,
			);
			defaultConfigurationIsVisible = 0;
			defaultConfigurationName = Release;
		};
		05B9B8E2276BDBB100FF442F /* Build configuration list for PBXNativeTarget "StarGazerUITests" */ = {
			isa = XCConfigurationList;
			buildConfigurations = (
				05B9B8E3276BDBB100FF442F /* Debug */,
				05B9B8E4276BDBB100FF442F /* Release */,
			);
			defaultConfigurationIsVisible = 0;
			defaultConfigurationName = Release;
		};
/* End XCConfigurationList section */

/* Begin XCRemoteSwiftPackageReference section */
		0510811827BEE06100A50129 /* XCRemoteSwiftPackageReference "lottie-ios" */ = {
			isa = XCRemoteSwiftPackageReference;
			repositoryURL = "https://github.com/airbnb/lottie-ios.git";
			requirement = {
				kind = upToNextMajorVersion;
				minimumVersion = 3.0.0;
			};
		};
		054763EF27CA2B2E00D15B25 /* XCRemoteSwiftPackageReference "AlertToast" */ = {
			isa = XCRemoteSwiftPackageReference;
			repositoryURL = "https://github.com/elai950/AlertToast.git";
			requirement = {
				kind = upToNextMajorVersion;
				minimumVersion = 1.0.0;
			};
		};
		055F7D2327C4418000D2AE59 /* XCRemoteSwiftPackageReference "modal-view" */ = {
			isa = XCRemoteSwiftPackageReference;
			repositoryURL = "https://github.com/diniska/modal-view";
			requirement = {
				kind = upToNextMajorVersion;
				minimumVersion = 1.0.0;
			};
		};
		05B65A672810523D00D77530 /* XCRemoteSwiftPackageReference "PermissionsSwiftUI" */ = {
			isa = XCRemoteSwiftPackageReference;
			repositoryURL = "https://github.com/jevonmao/PermissionsSwiftUI";
			requirement = {
				kind = upToNextMajorVersion;
				minimumVersion = 1.0.0;
			};
		};
		05D9F46427DBF4A3005A219A /* XCRemoteSwiftPackageReference "SlidingRuler" */ = {
			isa = XCRemoteSwiftPackageReference;
			repositoryURL = "https://github.com/Pyroh/SlidingRuler.git";
			requirement = {
				branch = main;
				kind = branch;
			};
		};
/* End XCRemoteSwiftPackageReference section */

/* Begin XCSwiftPackageProductDependency section */
		0510811927BEE06100A50129 /* Lottie */ = {
			isa = XCSwiftPackageProductDependency;
			package = 0510811827BEE06100A50129 /* XCRemoteSwiftPackageReference "lottie-ios" */;
			productName = Lottie;
		};
		053443152809A1F100ECF604 /* SlidingRuler */ = {
			isa = XCSwiftPackageProductDependency;
			package = 05D9F46427DBF4A3005A219A /* XCRemoteSwiftPackageReference "SlidingRuler" */;
			productName = SlidingRuler;
		};
		054763F027CA2B2E00D15B25 /* AlertToast */ = {
			isa = XCSwiftPackageProductDependency;
			package = 054763EF27CA2B2E00D15B25 /* XCRemoteSwiftPackageReference "AlertToast" */;
			productName = AlertToast;
		};
		055F7D2427C4418000D2AE59 /* ModalView */ = {
			isa = XCSwiftPackageProductDependency;
			package = 055F7D2327C4418000D2AE59 /* XCRemoteSwiftPackageReference "modal-view" */;
			productName = ModalView;
		};
		05B65A682810523D00D77530 /* PermissionsSwiftUICamera */ = {
			isa = XCSwiftPackageProductDependency;
			package = 05B65A672810523D00D77530 /* XCRemoteSwiftPackageReference "PermissionsSwiftUI" */;
			productName = PermissionsSwiftUICamera;
		};
		05B65A6A2810523D00D77530 /* PermissionsSwiftUILocation */ = {
			isa = XCSwiftPackageProductDependency;
			package = 05B65A672810523D00D77530 /* XCRemoteSwiftPackageReference "PermissionsSwiftUI" */;
			productName = PermissionsSwiftUILocation;
		};
		05B65A6C2810523D00D77530 /* PermissionsSwiftUIPhoto */ = {
			isa = XCSwiftPackageProductDependency;
			package = 05B65A672810523D00D77530 /* XCRemoteSwiftPackageReference "PermissionsSwiftUI" */;
			productName = PermissionsSwiftUIPhoto;
		};
/* End XCSwiftPackageProductDependency section */
	};
	rootObject = 05B9B8B0276BDBAF00FF442F /* Project object */;
}
